{
  "name": "keystone",
  "version": "1.0.0",
  "lockfileVersion": 3,
  "requires": true,
  "packages": {
    "": {
      "name": "keystone",
      "version": "1.0.0",
      "license": "UNLICENSED",
      "dependencies": {
        "typescript": "file:vendor/typescript"
      },
      "devDependencies": {
        "@types/node": "file:vendor/types-node",
        "undici-types": "file:vendor/undici-types"
      },
      "engines": {
        "node": ">=20",
        "vscode": "^1.92.0"
      }
    },
    "node_modules/@types/node": {
      "resolved": "vendor/types-node",
      "link": true
    },
    "node_modules/typescript": {
      "resolved": "vendor/typescript",
      "link": true
    },
    "node_modules/undici-types": {
      "resolved": "vendor/undici-types",
      "link": true
    },
    "vendor/types-node": {
      "name": "@types/node",
      "version": "25.1.0",
      "dev": true,
      "license": "MIT",
      "dependencies": {
        "undici-types": "file:../undici-types"
      }
    },
    "vendor/typescript": {
      "version": "5.8.3",
      "license": "Apache-2.0",
      "bin": {
        "tsc": "bin/tsc",
        "tsserver": "bin/tsserver"
      },
      "engines": {
        "node": ">=14.17"
      }
    },
    "vendor/undici-types": {
      "version": "7.16.0",
      "dev": true,
      "license": "MIT"
    }
  }
}
